// !$*UTF8*$!
{
	archiveVersion = 1;
	classes = {
	};
	objectVersion = 48;
	objects = {

/* Begin PBXBuildFile section */
		D090515A20CEACE60030D244 /* AppDelegate.swift in Sources */ = {isa = PBXBuildFile; fileRef = D090515920CEACE60030D244 /* AppDelegate.swift */; };
		D090515C20CEACE60030D244 /* ViewController.swift in Sources */ = {isa = PBXBuildFile; fileRef = D090515B20CEACE60030D244 /* ViewController.swift */; };
		D090515F20CEACE60030D244 /* Main.storyboard in Resources */ = {isa = PBXBuildFile; fileRef = D090515D20CEACE60030D244 /* Main.storyboard */; };
		D090516120CEACE60030D244 /* Assets.xcassets in Resources */ = {isa = PBXBuildFile; fileRef = D090516020CEACE60030D244 /* Assets.xcassets */; };
		D090516420CEACE60030D244 /* LaunchScreen.storyboard in Resources */ = {isa = PBXBuildFile; fileRef = D090516220CEACE60030D244 /* LaunchScreen.storyboard */; };
		D090516F20CEACE60030D244 /* WXJNetwork_SwiftTests.swift in Sources */ = {isa = PBXBuildFile; fileRef = D090516E20CEACE60030D244 /* WXJNetwork_SwiftTests.swift */; };
		D090517A20CEACE60030D244 /* WXJNetwork_SwiftUITests.swift in Sources */ = {isa = PBXBuildFile; fileRef = D090517920CEACE60030D244 /* WXJNetwork_SwiftUITests.swift */; };
		D090518820CEACF60030D244 /* WXJNetwork.swift in Sources */ = {isa = PBXBuildFile; fileRef = D090518720CEACF60030D244 /* WXJNetwork.swift */; };
/* End PBXBuildFile section */

/* Begin PBXContainerItemProxy section */
		D090516B20CEACE60030D244 /* PBXContainerItemProxy */ = {
			isa = PBXContainerItemProxy;
			containerPortal = D090514E20CEACE60030D244 /* Project object */;
			proxyType = 1;
			remoteGlobalIDString = D090515520CEACE60030D244;
			remoteInfo = WXJNetwork_Swift;
		};
		D090517620CEACE60030D244 /* PBXContainerItemProxy */ = {
			isa = PBXContainerItemProxy;
			containerPortal = D090514E20CEACE60030D244 /* Project object */;
			proxyType = 1;
			remoteGlobalIDString = D090515520CEACE60030D244;
			remoteInfo = WXJNetwork_Swift;
		};
/* End PBXContainerItemProxy section */

/* Begin PBXFileReference section */
		D090515620CEACE60030D244 /* WXJNetwork_Swift.app */ = {isa = PBXFileReference; explicitFileType = wrapper.application; includeInIndex = 0; path = WXJNetwork_Swift.app; sourceTree = BUILT_PRODUCTS_DIR; };
		D090515920CEACE60030D244 /* AppDelegate.swift */ = {isa = PBXFileReference; lastKnownFileType = sourcecode.swift; path = AppDelegate.swift; sourceTree = "<group>"; };
		D090515B20CEACE60030D244 /* ViewController.swift */ = {isa = PBXFileReference; lastKnownFileType = sourcecode.swift; path = ViewController.swift; sourceTree = "<group>"; };
		D090515E20CEACE60030D244 /* Base */ = {isa = PBXFileReference; lastKnownFileType = file.storyboard; name = Base; path = Base.lproj/Main.storyboard; sourceTree = "<group>"; };
		D090516020CEACE60030D244 /* Assets.xcassets */ = {isa = PBXFileReference; lastKnownFileType = folder.assetcatalog; path = Assets.xcassets; sourceTree = "<group>"; };
		D090516320CEACE60030D244 /* Base */ = {isa = PBXFileReference; lastKnownFileType = file.storyboard; name = Base; path = Base.lproj/LaunchScreen.storyboard; sourceTree = "<group>"; };
		D090516520CEACE60030D244 /* Info.plist */ = {isa = PBXFileReference; lastKnownFileType = text.plist.xml; path = Info.plist; sourceTree = "<group>"; };
		D090516A20CEACE60030D244 /* WXJNetwork_SwiftTests.xctest */ = {isa = PBXFileReference; explicitFileType = wrapper.cfbundle; includeInIndex = 0; path = WXJNetwork_SwiftTests.xctest; sourceTree = BUILT_PRODUCTS_DIR; };
		D090516E20CEACE60030D244 /* WXJNetwork_SwiftTests.swift */ = {isa = PBXFileReference; lastKnownFileType = sourcecode.swift; path = WXJNetwork_SwiftTests.swift; sourceTree = "<group>"; };
		D090517020CEACE60030D244 /* Info.plist */ = {isa = PBXFileReference; lastKnownFileType = text.plist.xml; path = Info.plist; sourceTree = "<group>"; };
		D090517520CEACE60030D244 /* WXJNetwork_SwiftUITests.xctest */ = {isa = PBXFileReference; explicitFileType = wrapper.cfbundle; includeInIndex = 0; path = WXJNetwork_SwiftUITests.xctest; sourceTree = BUILT_PRODUCTS_DIR; };
		D090517920CEACE60030D244 /* WXJNetwork_SwiftUITests.swift */ = {isa = PBXFileReference; lastKnownFileType = sourcecode.swift; path = WXJNetwork_SwiftUITests.swift; sourceTree = "<group>"; };
		D090517B20CEACE60030D244 /* Info.plist */ = {isa = PBXFileReference; lastKnownFileType = text.plist.xml; path = Info.plist; sourceTree = "<group>"; };
		D090518720CEACF60030D244 /* WXJNetwork.swift */ = {isa = PBXFileReference; fileEncoding = 4; lastKnownFileType = sourcecode.swift; path = WXJNetwork.swift; sourceTree = "<group>"; };
/* End PBXFileReference section */

/* Begin PBXFrameworksBuildPhase section */
		D090515320CEACE60030D244 /* Frameworks */ = {
			isa = PBXFrameworksBuildPhase;
			buildActionMask = 2147483647;
			files = (
			);
			runOnlyForDeploymentPostprocessing = 0;
		};
		D090516720CEACE60030D244 /* Frameworks */ = {
			isa = PBXFrameworksBuildPhase;
			buildActionMask = 2147483647;
			files = (
			);
			runOnlyForDeploymentPostprocessing = 0;
		};
		D090517220CEACE60030D244 /* Frameworks */ = {
			isa = PBXFrameworksBuildPhase;
			buildActionMask = 2147483647;
			files = (
			);
			runOnlyForDeploymentPostprocessing = 0;
		};
/* End PBXFrameworksBuildPhase section */

/* Begin PBXGroup section */
		D090514D20CEACE60030D244 = {
			isa = PBXGroup;
			children = (
				D090515820CEACE60030D244 /* WXJNetwork_Swift */,
				D090516D20CEACE60030D244 /* WXJNetwork_SwiftTests */,
				D090517820CEACE60030D244 /* WXJNetwork_SwiftUITests */,
				D090515720CEACE60030D244 /* Products */,
			);
			sourceTree = "<group>";
		};
		D090515720CEACE60030D244 /* Products */ = {
			isa = PBXGroup;
			children = (
				D090515620CEACE60030D244 /* WXJNetwork_Swift.app */,
				D090516A20CEACE60030D244 /* WXJNetwork_SwiftTests.xctest */,
				D090517520CEACE60030D244 /* WXJNetwork_SwiftUITests.xctest */,
			);
			name = Products;
			sourceTree = "<group>";
		};
		D090515820CEACE60030D244 /* WXJNetwork_Swift */ = {
			isa = PBXGroup;
			children = (
				D090515920CEACE60030D244 /* AppDelegate.swift */,
				D090515B20CEACE60030D244 /* ViewController.swift */,
				D090518720CEACF60030D244 /* WXJNetwork.swift */,
				D090515D20CEACE60030D244 /* Main.storyboard */,
				D090516020CEACE60030D244 /* Assets.xcassets */,
				D090516220CEACE60030D244 /* LaunchScreen.storyboard */,
				D090516520CEACE60030D244 /* Info.plist */,
			);
			path = WXJNetwork_Swift;
			sourceTree = "<group>";
		};
		D090516D20CEACE60030D244 /* WXJNetwork_SwiftTests */ = {
			isa = PBXGroup;
			children = (
				D090516E20CEACE60030D244 /* WXJNetwork_SwiftTests.swift */,
				D090517020CEACE60030D244 /* Info.plist */,
			);
			path = WXJNetwork_SwiftTests;
			sourceTree = "<group>";
		};
		D090517820CEACE60030D244 /* WXJNetwork_SwiftUITests */ = {
			isa = PBXGroup;
			children = (
				D090517920CEACE60030D244 /* WXJNetwork_SwiftUITests.swift */,
				D090517B20CEACE60030D244 /* Info.plist */,
			);
			path = WXJNetwork_SwiftUITests;
			sourceTree = "<group>";
		};
/* End PBXGroup section */

/* Begin PBXNativeTarget section */
		D090515520CEACE60030D244 /* WXJNetwork_Swift */ = {
			isa = PBXNativeTarget;
			buildConfigurationList = D090517E20CEACE60030D244 /* Build configuration list for PBXNativeTarget "WXJNetwork_Swift" */;
			buildPhases = (
				D090515220CEACE60030D244 /* Sources */,
				D090515320CEACE60030D244 /* Frameworks */,
				D090515420CEACE60030D244 /* Resources */,
			);
			buildRules = (
			);
			dependencies = (
			);
			name = WXJNetwork_Swift;
			productName = WXJNetwork_Swift;
			productReference = D090515620CEACE60030D244 /* WXJNetwork_Swift.app */;
			productType = "com.apple.product-type.application";
		};
		D090516920CEACE60030D244 /* WXJNetwork_SwiftTests */ = {
			isa = PBXNativeTarget;
			buildConfigurationList = D090518120CEACE60030D244 /* Build configuration list for PBXNativeTarget "WXJNetwork_SwiftTests" */;
			buildPhases = (
				D090516620CEACE60030D244 /* Sources */,
				D090516720CEACE60030D244 /* Frameworks */,
				D090516820CEACE60030D244 /* Resources */,
			);
			buildRules = (
			);
			dependencies = (
				D090516C20CEACE60030D244 /* PBXTargetDependency */,
			);
			name = WXJNetwork_SwiftTests;
			productName = WXJNetwork_SwiftTests;
			productReference = D090516A20CEACE60030D244 /* WXJNetwork_SwiftTests.xctest */;
			productType = "com.apple.product-type.bundle.unit-test";
		};
		D090517420CEACE60030D244 /* WXJNetwork_SwiftUITests */ = {
			isa = PBXNativeTarget;
			buildConfigurationList = D090518420CEACE60030D244 /* Build configuration list for PBXNativeTarget "WXJNetwork_SwiftUITests" */;
			buildPhases = (
				D090517120CEACE60030D244 /* Sources */,
				D090517220CEACE60030D244 /* Frameworks */,
				D090517320CEACE60030D244 /* Resources */,
			);
			buildRules = (
			);
			dependencies = (
				D090517720CEACE60030D244 /* PBXTargetDependency */,
			);
			name = WXJNetwork_SwiftUITests;
			productName = WXJNetwork_SwiftUITests;
			productReference = D090517520CEACE60030D244 /* WXJNetwork_SwiftUITests.xctest */;
			productType = "com.apple.product-type.bundle.ui-testing";
		};
/* End PBXNativeTarget section */

/* Begin PBXProject section */
		D090514E20CEACE60030D244 /* Project object */ = {
			isa = PBXProject;
			attributes = {
				LastSwiftUpdateCheck = 0920;
				LastUpgradeCheck = 0920;
				ORGANIZATIONNAME = MrWXJ;
				TargetAttributes = {
					D090515520CEACE60030D244 = {
						CreatedOnToolsVersion = 9.2;
						ProvisioningStyle = Automatic;
					};
					D090516920CEACE60030D244 = {
						CreatedOnToolsVersion = 9.2;
						ProvisioningStyle = Automatic;
						TestTargetID = D090515520CEACE60030D244;
					};
					D090517420CEACE60030D244 = {
						CreatedOnToolsVersion = 9.2;
						ProvisioningStyle = Automatic;
						TestTargetID = D090515520CEACE60030D244;
					};
				};
			};
			buildConfigurationList = D090515120CEACE60030D244 /* Build configuration list for PBXProject "WXJNetwork_Swift" */;
			compatibilityVersion = "Xcode 8.0";
			developmentRegion = en;
			hasScannedForEncodings = 0;
			knownRegions = (
				en,
				Base,
			);
			mainGroup = D090514D20CEACE60030D244;
			productRefGroup = D090515720CEACE60030D244 /* Products */;
			projectDirPath = "";
			projectRoot = "";
			targets = (
				D090515520CEACE60030D244 /* WXJNetwork_Swift */,
				D090516920CEACE60030D244 /* WXJNetwork_SwiftTests */,
				D090517420CEACE60030D244 /* WXJNetwork_SwiftUITests */,
			);
		};
/* End PBXProject section */

/* Begin PBXResourcesBuildPhase section */
		D090515420CEACE60030D244 /* Resources */ = {
			isa = PBXResourcesBuildPhase;
			buildActionMask = 2147483647;
			files = (
				D090516420CEACE60030D244 /* LaunchScreen.storyboard in Resources */,
				D090516120CEACE60030D244 /* Assets.xcassets in Resources */,
				D090515F20CEACE60030D244 /* Main.storyboard in Resources */,
			);
			runOnlyForDeploymentPostprocessing = 0;
		};
		D090516820CEACE60030D244 /* Resources */ = {
			isa = PBXResourcesBuildPhase;
			buildActionMask = 2147483647;
			files = (
			);
			runOnlyForDeploymentPostprocessing = 0;
		};
		D090517320CEACE60030D244 /* Resources */ = {
			isa = PBXResourcesBuildPhase;
			buildActionMask = 2147483647;
			files = (
			);
			runOnlyForDeploymentPostprocessing = 0;
		};
/* End PBXResourcesBuildPhase section */

/* Begin PBXSourcesBuildPhase section */
		D090515220CEACE60030D244 /* Sources */ = {
			isa = PBXSourcesBuildPhase;
			buildActionMask = 2147483647;
			files = (
				D090518820CEACF60030D244 /* WXJNetwork.swift in Sources */,
				D090515C20CEACE60030D244 /* ViewController.swift in Sources */,
				D090515A20CEACE60030D244 /* AppDelegate.swift in Sources */,
			);
			runOnlyForDeploymentPostprocessing = 0;
		};
		D090516620CEACE60030D244 /* Sources */ = {
			isa = PBXSourcesBuildPhase;
			buildActionMask = 2147483647;
			files = (
				D090516F20CEACE60030D244 /* WXJNetwork_SwiftTests.swift in Sources */,
			);
			runOnlyForDeploymentPostprocessing = 0;
		};
		D090517120CEACE60030D244 /* Sources */ = {
			isa = PBXSourcesBuildPhase;
			buildActionMask = 2147483647;
			files = (
				D090517A20CEACE60030D244 /* WXJNetwork_SwiftUITests.swift in Sources */,
			);
			runOnlyForDeploymentPostprocessing = 0;
		};
/* End PBXSourcesBuildPhase section */

/* Begin PBXTargetDependency section */
		D090516C20CEACE60030D244 /* PBXTargetDependency */ = {
			isa = PBXTargetDependency;
			target = D090515520CEACE60030D244 /* WXJNetwork_Swift */;
			targetProxy = D090516B20CEACE60030D244 /* PBXContainerItemProxy */;
		};
		D090517720CEACE60030D244 /* PBXTargetDependency */ = {
			isa = PBXTargetDependency;
			target = D090515520CEACE60030D244 /* WXJNetwork_Swift */;
			targetProxy = D090517620CEACE60030D244 /* PBXContainerItemProxy */;
		};
/* End PBXTargetDependency section */

/* Begin PBXVariantGroup section */
		D090515D20CEACE60030D244 /* Main.storyboard */ = {
			isa = PBXVariantGroup;
			children = (
				D090515E20CEACE60030D244 /* Base */,
			);
			name = Main.storyboard;
			sourceTree = "<group>";
		};
		D090516220CEACE60030D244 /* LaunchScreen.storyboard */ = {
			isa = PBXVariantGroup;
			children = (
				D090516320CEACE60030D244 /* Base */,
			);
			name = LaunchScreen.storyboard;
			sourceTree = "<group>";
		};
/* End PBXVariantGroup section */

/* Begin XCBuildConfiguration section */
		D090517C20CEACE60030D244 /* Debug */ = {
			isa = XCBuildConfiguration;
			buildSettings = {
				ALWAYS_SEARCH_USER_PATHS = NO;
				CLANG_ANALYZER_NONNULL = YES;
				CLANG_ANALYZER_NUMBER_OBJECT_CONVERSION = YES_AGGRESSIVE;
				CLANG_CXX_LANGUAGE_STANDARD = "gnu++14";
				CLANG_CXX_LIBRARY = "libc++";
				CLANG_ENABLE_MODULES = YES;
				CLANG_ENABLE_OBJC_ARC = YES;
				CLANG_WARN_BLOCK_CAPTURE_AUTORELEASING = YES;
				CLANG_WARN_BOOL_CONVERSION = YES;
				CLANG_WARN_COMMA = YES;
				CLANG_WARN_CONSTANT_CONVERSION = YES;
				CLANG_WARN_DIRECT_OBJC_ISA_USAGE = YES_ERROR;
				CLANG_WARN_DOCUMENTATION_COMMENTS = YES;
				CLANG_WARN_EMPTY_BODY = YES;
				CLANG_WARN_ENUM_CONVERSION = YES;
				CLANG_WARN_INFINITE_RECURSION = YES;
				CLANG_WARN_INT_CONVERSION = YES;
				CLANG_WARN_NON_LITERAL_NULL_CONVERSION = YES;
				CLANG_WARN_OBJC_LITERAL_CONVERSION = YES;
				CLANG_WARN_OBJC_ROOT_CLASS = YES_ERROR;
				CLANG_WARN_RANGE_LOOP_ANALYSIS = YES;
				CLANG_WARN_STRICT_PROTOTYPES = YES;
				CLANG_WARN_SUSPICIOUS_MOVE = YES;
				CLANG_WARN_UNGUARDED_AVAILABILITY = YES_AGGRESSIVE;
				CLANG_WARN_UNREACHABLE_CODE = YES;
				CLANG_WARN__DUPLICATE_METHOD_MATCH = YES;
				CODE_SIGN_IDENTITY = "iPhone Developer";
				COPY_PHASE_STRIP = NO;
				DEBUG_INFORMATION_FORMAT = dwarf;
				ENABLE_STRICT_OBJC_MSGSEND = YES;
				ENABLE_TESTABILITY = YES;
				GCC_C_LANGUAGE_STANDARD = gnu11;
				GCC_DYNAMIC_NO_PIC = NO;
				GCC_NO_COMMON_BLOCKS = YES;
				GCC_OPTIMIZATION_LEVEL = 0;
				GCC_PREPROCESSOR_DEFINITIONS = (
					"DEBUG=1",
					"$(inherited)",
				);
				GCC_WARN_64_TO_32_BIT_CONVERSION = YES;
				GCC_WARN_ABOUT_RETURN_TYPE = YES_ERROR;
				GCC_WARN_UNDECLARED_SELECTOR = YES;
				GCC_WARN_UNINITIALIZED_AUTOS = YES_AGGRESSIVE;
				GCC_WARN_UNUSED_FUNCTION = YES;
				GCC_WARN_UNUSED_VARIABLE = YES;
				IPHONEOS_DEPLOYMENT_TARGET = 11.2;
				MTL_ENABLE_DEBUG_INFO = YES;
				ONLY_ACTIVE_ARCH = YES;
				SDKROOT = iphoneos;
				SWIFT_ACTIVE_COMPILATION_CONDITIONS = DEBUG;
				SWIFT_OPTIMIZATION_LEVEL = "-Onone";
			};
			name = Debug;
		};
		D090517D20CEACE60030D244 /* Release */ = {
			isa = XCBuildConfiguration;
			buildSettings = {
				ALWAYS_SEARCH_USER_PATHS = NO;
				CLANG_ANALYZER_NONNULL = YES;
				CLANG_ANALYZER_NUMBER_OBJECT_CONVERSION = YES_AGGRESSIVE;
				CLANG_CXX_LANGUAGE_STANDARD = "gnu++14";
				CLANG_CXX_LIBRARY = "libc++";
				CLANG_ENABLE_MODULES = YES;
				CLANG_ENABLE_OBJC_ARC = YES;
				CLANG_WARN_BLOCK_CAPTURE_AUTORELEASING = YES;
				CLANG_WARN_BOOL_CONVERSION = YES;
				CLANG_WARN_COMMA = YES;
				CLANG_WARN_CONSTANT_CONVERSION = YES;
				CLANG_WARN_DIRECT_OBJC_ISA_USAGE = YES_ERROR;
				CLANG_WARN_DOCUMENTATION_COMMENTS = YES;
				CLANG_WARN_EMPTY_BODY = YES;
				CLANG_WARN_ENUM_CONVERSION = YES;
				CLANG_WARN_INFINITE_RECURSION = YES;
				CLANG_WARN_INT_CONVERSION = YES;
				CLANG_WARN_NON_LITERAL_NULL_CONVERSION = YES;
				CLANG_WARN_OBJC_LITERAL_CONVERSION = YES;
				CLANG_WARN_OBJC_ROOT_CLASS = YES_ERROR;
				CLANG_WARN_RANGE_LOOP_ANALYSIS = YES;
				CLANG_WARN_STRICT_PROTOTYPES = YES;
				CLANG_WARN_SUSPICIOUS_MOVE = YES;
				CLANG_WARN_UNGUARDED_AVAILABILITY = YES_AGGRESSIVE;
				CLANG_WARN_UNREACHABLE_CODE = YES;
				CLANG_WARN__DUPLICATE_METHOD_MATCH = YES;
				CODE_SIGN_IDENTITY = "iPhone Developer";
				COPY_PHASE_STRIP = NO;
				DEBUG_INFORMATION_FORMAT = "dwarf-with-dsym";
				ENABLE_NS_ASSERTIONS = NO;
				ENABLE_STRICT_OBJC_MSGSEND = YES;
				GCC_C_LANGUAGE_STANDARD = gnu11;
				GCC_NO_COMMON_BLOCKS = YES;
				GCC_WARN_64_TO_32_BIT_CONVERSION = YES;
				GCC_WARN_ABOUT_RETURN_TYPE = YES_ERROR;
				GCC_WARN_UNDECLARED_SELECTOR = YES;
				GCC_WARN_UNINITIALIZED_AUTOS = YES_AGGRESSIVE;
				GCC_WARN_UNUSED_FUNCTION = YES;
				GCC_WARN_UNUSED_VARIABLE = YES;
				IPHONEOS_DEPLOYMENT_TARGET = 11.2;
				MTL_ENABLE_DEBUG_INFO = NO;
				SDKROOT = iphoneos;
				SWIFT_OPTIMIZATION_LEVEL = "-Owholemodule";
				VALIDATE_PRODUCT = YES;
			};
			name = Release;
		};
		D090517F20CEACE60030D244 /* Debug */ = {
			isa = XCBuildConfiguration;
			buildSettings = {
				ASSETCATALOG_COMPILER_APPICON_NAME = AppIcon;
				CODE_SIGN_STYLE = Automatic;
				DEVELOPMENT_TEAM = 4NRN552GRR;
				INFOPLIST_FILE = WXJNetwork_Swift/Info.plist;
				LD_RUNPATH_SEARCH_PATHS = "$(inherited) @executable_path/Frameworks";
				PRODUCT_BUNDLE_IDENTIFIER = "MrWXJ.WXJNetwork-Swift";
				PRODUCT_NAME = "$(TARGET_NAME)";
				SWIFT_VERSION = 4.0;
				TARGETED_DEVICE_FAMILY = "1,2";
			};
			name = Debug;
		};
		D090518020CEACE60030D244 /* Release */ = {
			isa = XCBuildConfiguration;
			buildSettings = {
				ASSETCATALOG_COMPILER_APPICON_NAME = AppIcon;
				CODE_SIGN_STYLE = Automatic;
				DEVELOPMENT_TEAM = 4NRN552GRR;
				INFOPLIST_FILE = WXJNetwork_Swift/Info.plist;
				LD_RUNPATH_SEARCH_PATHS = "$(inherited) @executable_path/Frameworks";
				PRODUCT_BUNDLE_IDENTIFIER = "MrWXJ.WXJNetwork-Swift";
				PRODUCT_NAME = "$(TARGET_NAME)";
				SWIFT_VERSION = 4.0;
				TARGETED_DEVICE_FAMILY = "1,2";
			};
			name = Release;
		};
		D090518220CEACE60030D244 /* Debug */ = {
			isa = XCBuildConfiguration;
			buildSettings = {
				ALWAYS_EMBED_SWIFT_STANDARD_LIBRARIES = YES;
				BUNDLE_LOADER = "$(TEST_HOST)";
				CODE_SIGN_STYLE = Automatic;
				DEVELOPMENT_TEAM = 4NRN552GRR;
				INFOPLIST_FILE = WXJNetwork_SwiftTests/Info.plist;
				LD_RUNPATH_SEARCH_PATHS = "$(inherited) @executable_path/Frameworks @loader_path/Frameworks";
				PRODUCT_BUNDLE_IDENTIFIER = "MrWXJ.WXJNetwork-SwiftTests";
				PRODUCT_NAME = "$(TARGET_NAME)";
				SWIFT_VERSION = 4.0;
				TARGETED_DEVICE_FAMILY = "1,2";
				TEST_HOST = "$(BUILT_PRODUCTS_DIR)/WXJNetwork_Swift.app/WXJNetwork_Swift";
			};
			name = Debug;
		};
		D090518320CEACE60030D244 /* Release */ = {
			isa = XCBuildConfiguration;
			buildSettings = {
				ALWAYS_EMBED_SWIFT_STANDARD_LIBRARIES = YES;
				BUNDLE_LOADER = "$(TEST_HOST)";
				CODE_SIGN_STYLE = Automatic;
				DEVELOPMENT_TEAM = 4NRN552GRR;
				INFOPLIST_FILE = WXJNetwork_SwiftTests/Info.plist;
				LD_RUNPATH_SEARCH_PATHS = "$(inherited) @executable_path/Frameworks @loader_path/Frameworks";
				PRODUCT_BUNDLE_IDENTIFIER = "MrWXJ.WXJNetwork-SwiftTests";
				PRODUCT_NAME = "$(TARGET_NAME)";
				SWIFT_VERSION = 4.0;
				TARGETED_DEVICE_FAMILY = "1,2";
				TEST_HOST = "$(BUILT_PRODUCTS_DIR)/WXJNetwork_Swift.app/WXJNetwork_Swift";
			};
			name = Release;
		};
		D090518520CEACE60030D244 /* Debug */ = {
			isa = XCBuildConfiguration;
			buildSettings = {
				ALWAYS_EMBED_SWIFT_STANDARD_LIBRARIES = YES;
				CODE_SIGN_STYLE = Automatic;
				DEVELOPMENT_TEAM = 4NRN552GRR;
				INFOPLIST_FILE = WXJNetwork_SwiftUITests/Info.plist;
				LD_RUNPATH_SEARCH_PATHS = "$(inherited) @executable_path/Frameworks @loader_path/Frameworks";
				PRODUCT_BUNDLE_IDENTIFIER = "MrWXJ.WXJNetwork-SwiftUITests";
				PRODUCT_NAME = "$(TARGET_NAME)";
				SWIFT_VERSION = 4.0;
				TARGETED_DEVICE_FAMILY = "1,2";
				TEST_TARGET_NAME = WXJNetwork_Swift;
			};
			name = Debug;
		};
		D090518620CEACE60030D244 /* Release */ = {
			isa = XCBuildConfiguration;
			buildSettings = {
				ALWAYS_EMBED_SWIFT_STANDARD_LIBRARIES = YES;
				CODE_SIGN_STYLE = Automatic;
				DEVELOPMENT_TEAM = 4NRN552GRR;
				INFOPLIST_FILE = WXJNetwork_SwiftUITests/Info.plist;
				LD_RUNPATH_SEARCH_PATHS = "$(inherited) @executable_path/Frameworks @loader_path/Frameworks";
				PRODUCT_BUNDLE_IDENTIFIER = "MrWXJ.WXJNetwork-SwiftUITests";
				PRODUCT_NAME = "$(TARGET_NAME)";
				SWIFT_VERSION = 4.0;
				TARGETED_DEVICE_FAMILY = "1,2";
				TEST_TARGET_NAME = WXJNetwork_Swift;
			};
			name = Release;
		};
/* End XCBuildConfiguration section */

/* Begin XCConfigurationList section */
		D090515120CEACE60030D244 /* Build configuration list for PBXProject "WXJNetwork_Swift" */ = {
			isa = XCConfigurationList;
			buildConfigurations = (
				D090517C20CEACE60030D244 /* Debug */,
				D090517D20CEACE60030D244 /* Release */,
			);
			defaultConfigurationIsVisible = 0;
			defaultConfigurationName = Release;
		};
		D090517E20CEACE60030D244 /* Build configuration list for PBXNativeTarget "WXJNetwork_Swift" */ = {
			isa = XCConfigurationList;
			buildConfigurations = (
				D090517F20CEACE60030D244 /* Debug */,
				D090518020CEACE60030D244 /* Release */,
			);
			defaultConfigurationIsVisible = 0;
			defaultConfigurationName = Release;
		};
		D090518120CEACE60030D244 /* Build configuration list for PBXNativeTarget "WXJNetwork_SwiftTests" */ = {
			isa = XCConfigurationList;
			buildConfigurations = (
				D090518220CEACE60030D244 /* Debug */,
				D090518320CEACE60030D244 /* Release */,
			);
			defaultConfigurationIsVisible = 0;
			defaultConfigurationName = Release;
		};
		D090518420CEACE60030D244 /* Build configuration list for PBXNativeTarget "WXJNetwork_SwiftUITests" */ = {
			isa = XCConfigurationList;
			buildConfigurations = (
				D090518520CEACE60030D244 /* Debug */,
				D090518620CEACE60030D244 /* Release */,
			);
			defaultConfigurationIsVisible = 0;
			defaultConfigurationName = Release;
		};
/* End XCConfigurationList section */
	};
	rootObject = D090514E20CEACE60030D244 /* Project object */;
}
